
Microsoft Visual Studio Solution File, Format Version 12.00
# Visual Studio Version 17
VisualStudioVersion = 17.5.33530.505
MinimumVisualStudioVersion = 10.0.40219.1
Project("{FAE04EC0-301F-11D3-BF4B-00C04F79EFBC}") = "ChatUser", "ChatUser\ChatUser.csproj", "{1D3CE16B-DABE-492B-86B9-1D8AFC2BD4FD}"
EndProject
Global
	GlobalSection(SolutionConfigurationPlatforms) = preSolution
		Debug|Any CPU = Debug|Any CPU
		Release|Any CPU = Release|Any CPU
	EndGlobalSection
	GlobalSection(ProjectConfigurationPlatforms) = postSolution
		{1D3CE16B-DABE-492B-86B9-1D8AFC2BD4FD}.Debug|Any CPU.ActiveCfg = Debug|Any CPU
		{1D3CE16B-DABE-492B-86B9-1D8AFC2BD4FD}.Debug|Any CPU.Build.0 = Debug|Any CPU
		{1D3CE16B-DABE-492B-86B9-1D8AFC2BD4FD}.Release|Any CPU.ActiveCfg = Release|Any CPU
		{1D3CE16B-DABE-492B-86B9-1D8AFC2BD4FD}.Release|Any CPU.Build.0 = Release|Any CPU
	EndGlobalSection
	GlobalSection(SolutionProperties) = preSolution
		HideSolutionNode = FALSE
	EndGlobalSection
	GlobalSection(ExtensibilityGlobals) = postSolution
		SolutionGuid = {9D19121E-0EEB-4AAB-99C7-A85B9D96D842}
	EndGlobalSection
EndGlobal
